
Microsoft Visual Studio Solution File, Format Version 12.00
# Visual Studio Version 17
VisualStudioVersion = 17.9.34622.214
MinimumVisualStudioVersion = 10.0.40219.1
Project("{FAE04EC0-301F-11D3-BF4B-00C04F79EFBC}") = "MusteriProjesi", "MusteriProjesi\MusteriProjesi.csproj", "{C0EA2158-4229-44E7-B407-6AED54DADD73}"
EndProject
Global
	GlobalSection(SolutionConfigurationPlatforms) = preSolution
		Debug|Any CPU = Debug|Any CPU
		Release|Any CPU = Release|Any CPU
	EndGlobalSection
	GlobalSection(ProjectConfigurationPlatforms) = postSolution
		{C0EA2158-4229-44E7-B407-6AED54DADD73}.Debug|Any CPU.ActiveCfg = Debug|Any CPU
		{C0EA2158-4229-44E7-B407-6AED54DADD73}.Debug|Any CPU.Build.0 = Debug|Any CPU
		{C0EA2158-4229-44E7-B407-6AED54DADD73}.Release|Any CPU.ActiveCfg = Release|Any CPU
		{C0EA2158-4229-44E7-B407-6AED54DADD73}.Release|Any CPU.Build.0 = Release|Any CPU
	EndGlobalSection
	GlobalSection(SolutionProperties) = preSolution
		HideSolutionNode = FALSE
	EndGlobalSection
	GlobalSection(ExtensibilityGlobals) = postSolution
		SolutionGuid = {C2D2DFB0-59BB-4E00-AFBC-38DF3C5C2EE5}
	EndGlobalSection
EndGlobal
